// !$*UTF8*$!
{
	archiveVersion = 1;
	classes = {
	};
	objectVersion = 46;
	objects = {

/* Begin PBXBuildFile section */
		117641DC18F5B05E00B1688B /* RFDefineParser.m in Sources */ = {isa = PBXBuildFile; fileRef = 117641DB18F5B05E00B1688B /* RFDefineParser.m */; };
		117641DF18F5CB7000B1688B /* RFDefineModel.m in Sources */ = {isa = PBXBuildFile; fileRef = 117641DE18F5CB7000B1688B /* RFDefineModel.m */; };
		119CF5761971C98500A70999 /* XCTest.framework in Frameworks */ = {isa = PBXBuildFile; fileRef = 119CF5751971C98500A70999 /* XCTest.framework */; };
		119CF57C1971C98500A70999 /* InfoPlist.strings in Resources */ = {isa = PBXBuildFile; fileRef = 119CF57A1971C98500A70999 /* InfoPlist.strings */; };
		119CF57E1971C98500A70999 /* ROADAttributesCodeGeneratorTests.m in Sources */ = {isa = PBXBuildFile; fileRef = 119CF57D1971C98500A70999 /* ROADAttributesCodeGeneratorTests.m */; };
		119CF5871971CBFF00A70999 /* RFConsole.m in Sources */ = {isa = PBXBuildFile; fileRef = 8DD9C1F817B1C60100B00CAA /* RFConsole.m */; };
		119CF5881971CBFF00A70999 /* RFArgumentResolver.m in Sources */ = {isa = PBXBuildFile; fileRef = 8DD9C1FA17B1C60100B00CAA /* RFArgumentResolver.m */; };
		119CF5891971CBFF00A70999 /* NSMutableString+RFExtendedAPI.m in Sources */ = {isa = PBXBuildFile; fileRef = 8DD9C18717B1C3C000B00CAA /* NSMutableString+RFExtendedAPI.m */; };
		119CF58A1971CBFF00A70999 /* NSRegularExpression+RFExtendedAPI.m in Sources */ = {isa = PBXBuildFile; fileRef = 8DD9C18917B1C3C000B00CAA /* NSRegularExpression+RFExtendedAPI.m */; };
		119CF58B1971CBFF00A70999 /* NSString+RFExtendedAPI.m in Sources */ = {isa = PBXBuildFile; fileRef = 8DD9C18B17B1C3C000B00CAA /* NSString+RFExtendedAPI.m */; };
		119CF58C1971CBFF00A70999 /* RFTextFile.m in Sources */ = {isa = PBXBuildFile; fileRef = 8DD9C18D17B1C3C000B00CAA /* RFTextFile.m */; };
		119CF58D1971CBFF00A70999 /* NSFileManager+RFExtendedAPI.m in Sources */ = {isa = PBXBuildFile; fileRef = 8DB3AACC17B1DABB006421E0 /* NSFileManager+RFExtendedAPI.m */; };
		119CF58E1971CBFF00A70999 /* RFAttributesCodeGeneratorBase.m in Sources */ = {isa = PBXBuildFile; fileRef = 8DD9C19517B1C3C000B00CAA /* RFAttributesCodeGeneratorBase.m */; };
		119CF58F1971CBFF00A70999 /* RFClassAttributesCodeGenerator.m in Sources */ = {isa = PBXBuildFile; fileRef = 8DD9C19717B1C3C000B00CAA /* RFClassAttributesCodeGenerator.m */; };
		119CF5901971CBFF00A70999 /* RFFieldsAttributesCodeGenerator.m in Sources */ = {isa = PBXBuildFile; fileRef = 8DD9C19917B1C3C000B00CAA /* RFFieldsAttributesCodeGenerator.m */; };
		119CF5911971CBFF00A70999 /* RFMainAttributesCodeGenerator.m in Sources */ = {isa = PBXBuildFile; fileRef = 8DD9C19B17B1C3C000B00CAA /* RFMainAttributesCodeGenerator.m */; };
		119CF5921971CBFF00A70999 /* RFMethodsAttributesCodeGenerator.m in Sources */ = {isa = PBXBuildFile; fileRef = 8DD9C19D17B1C3C000B00CAA /* RFMethodsAttributesCodeGenerator.m */; };
		119CF5931971CBFF00A70999 /* RFPropertiesAttributesCodeGenerator.m in Sources */ = {isa = PBXBuildFile; fileRef = 8DD9C19F17B1C3C000B00CAA /* RFPropertiesAttributesCodeGenerator.m */; };
		119CF5941971CBFF00A70999 /* RFAttributeDataParser.m in Sources */ = {isa = PBXBuildFile; fileRef = 8DD9C1A217B1C3C000B00CAA /* RFAttributeDataParser.m */; };
		119CF5951971CBFF00A70999 /* RFClassParser.m in Sources */ = {isa = PBXBuildFile; fileRef = 8DD9C1A417B1C3C000B00CAA /* RFClassParser.m */; };
		119CF5961971CBFF00A70999 /* RFFieldParser.m in Sources */ = {isa = PBXBuildFile; fileRef = 8DD9C1A617B1C3C000B00CAA /* RFFieldParser.m */; };
		119CF5971971CBFF00A70999 /* RFHeaderSectionParser.m in Sources */ = {isa = PBXBuildFile; fileRef = 8DD9C1A817B1C3C000B00CAA /* RFHeaderSectionParser.m */; };
		119CF5981971CBFF00A70999 /* RFMethodParser.m in Sources */ = {isa = PBXBuildFile; fileRef = 8DD9C1AA17B1C3C000B00CAA /* RFMethodParser.m */; };
		119CF5991971CBFF00A70999 /* RFPropertyParser.m in Sources */ = {isa = PBXBuildFile; fileRef = 8DD9C1AC17B1C3C000B00CAA /* RFPropertyParser.m */; };
		119CF59A1971CBFF00A70999 /* RFProtocolParser.m in Sources */ = {isa = PBXBuildFile; fileRef = 1AAB240618168829007CC865 /* RFProtocolParser.m */; };
		119CF59B1971CBFF00A70999 /* RFDefineParser.m in Sources */ = {isa = PBXBuildFile; fileRef = 117641DB18F5B05E00B1688B /* RFDefineParser.m */; };
		119CF59C1971CBFF00A70999 /* RFSourceCodePreprocessor.m in Sources */ = {isa = PBXBuildFile; fileRef = 8DD9C1AF17B1C3C000B00CAA /* RFSourceCodePreprocessor.m */; };
		119CF59D1971CBFF00A70999 /* RFUserSourceCodeConfigurator.m in Sources */ = {isa = PBXBuildFile; fileRef = 8DD9C1B117B1C3C000B00CAA /* RFUserSourceCodeConfigurator.m */; };
		119CF59E1971CBFF00A70999 /* RFAttributeModelsContainer.m in Sources */ = {isa = PBXBuildFile; fileRef = 8DFAE16F17D6085F002687B8 /* RFAttributeModelsContainer.m */; };
		119CF59F1971CBFF00A70999 /* RFClassModelsContainer.m in Sources */ = {isa = PBXBuildFile; fileRef = 8DD9C1B417B1C3C000B00CAA /* RFClassModelsContainer.m */; };
		119CF5A01971CBFF00A70999 /* RFMetaMarkersContainer.m in Sources */ = {isa = PBXBuildFile; fileRef = 8DD9C1B617B1C3C000B00CAA /* RFMetaMarkersContainer.m */; };
		119CF5A11971CBFF00A70999 /* RFMetaMarkersStorageAdapter.m in Sources */ = {isa = PBXBuildFile; fileRef = 8DD9C1B817B1C3C000B00CAA /* RFMetaMarkersStorageAdapter.m */; };
		119CF5A21971CBFF00A70999 /* RFProtocolModelsContainer.m in Sources */ = {isa = PBXBuildFile; fileRef = 1A8A2E95181908B700877EE0 /* RFProtocolModelsContainer.m */; };
		119CF5A31971CBFF00A70999 /* RFAnnotatedElementModel.m in Sources */ = {isa = PBXBuildFile; fileRef = 8DD9C1BB17B1C3C000B00CAA /* RFAnnotatedElementModel.m */; };
		119CF5A41971CBFF00A70999 /* RFAttributeModel.m in Sources */ = {isa = PBXBuildFile; fileRef = 8DD9C1BD17B1C3C000B00CAA /* RFAttributeModel.m */; };
		119CF5A51971CBFF00A70999 /* RFClassModel.m in Sources */ = {isa = PBXBuildFile; fileRef = 8DD9C1BF17B1C3C000B00CAA /* RFClassModel.m */; };
		119CF5A61971CBFF00A70999 /* RFCodeParseState.m in Sources */ = {isa = PBXBuildFile; fileRef = 8DD9C1C117B1C3C000B00CAA /* RFCodeParseState.m */; };
		119CF5A71971CBFF00A70999 /* RFFieldModel.m in Sources */ = {isa = PBXBuildFile; fileRef = 8DD9C1C317B1C3C000B00CAA /* RFFieldModel.m */; };
		119CF5A81971CBFF00A70999 /* RFMethodModel.m in Sources */ = {isa = PBXBuildFile; fileRef = 8DD9C1C517B1C3C000B00CAA /* RFMethodModel.m */; };
		119CF5A91971CBFF00A70999 /* RFPreprocessedSourceCode.m in Sources */ = {isa = PBXBuildFile; fileRef = 8DD9C1C717B1C3C000B00CAA /* RFPreprocessedSourceCode.m */; };
		119CF5AA1971CBFF00A70999 /* RFPropertyModel.m in Sources */ = {isa = PBXBuildFile; fileRef = 8DD9C1C917B1C3C000B00CAA /* RFPropertyModel.m */; };
		119CF5AB1971CBFF00A70999 /* RFProtocolModel.m in Sources */ = {isa = PBXBuildFile; fileRef = 1AAB2403181687D7007CC865 /* RFProtocolModel.m */; };
		119CF5AC1971CBFF00A70999 /* RFDefineModel.m in Sources */ = {isa = PBXBuildFile; fileRef = 117641DE18F5CB7000B1688B /* RFDefineModel.m */; };
		119CF5AD1971CBFF00A70999 /* RFProtocolsModelHelper.m in Sources */ = {isa = PBXBuildFile; fileRef = 1A8A2E9818190FD300877EE0 /* RFProtocolsModelHelper.m */; };
		119CF5AE1971CBFF00A70999 /* RFClassesModelHelper.m in Sources */ = {isa = PBXBuildFile; fileRef = 8DD9C1CC17B1C3C000B00CAA /* RFClassesModelHelper.m */; };
		119CF5AF1971CBFF00A70999 /* RFSourceCodeHelper.m in Sources */ = {isa = PBXBuildFile; fileRef = 8DD9C1CE17B1C3C000B00CAA /* RFSourceCodeHelper.m */; };
		119CF5B01971CBFF00A70999 /* RFSourceFileHelper.m in Sources */ = {isa = PBXBuildFile; fileRef = 8DD9C1D017B1C3C000B00CAA /* RFSourceFileHelper.m */; };
		119CF5B11971CBFF00A70999 /* RFSourceFilesProcessor.m in Sources */ = {isa = PBXBuildFile; fileRef = 8DD9C1D217B1C3C000B00CAA /* RFSourceFilesProcessor.m */; };
		1A8A2E96181908B700877EE0 /* RFProtocolModelsContainer.m in Sources */ = {isa = PBXBuildFile; fileRef = 1A8A2E95181908B700877EE0 /* RFProtocolModelsContainer.m */; };
		1A8A2E9918190FD300877EE0 /* RFProtocolsModelHelper.m in Sources */ = {isa = PBXBuildFile; fileRef = 1A8A2E9818190FD300877EE0 /* RFProtocolsModelHelper.m */; };
		1AAB2404181687D7007CC865 /* RFProtocolModel.m in Sources */ = {isa = PBXBuildFile; fileRef = 1AAB2403181687D7007CC865 /* RFProtocolModel.m */; };
		1AAB240718168829007CC865 /* RFProtocolParser.m in Sources */ = {isa = PBXBuildFile; fileRef = 1AAB240618168829007CC865 /* RFProtocolParser.m */; };
		8DB3AACD17B1DABB006421E0 /* NSFileManager+RFExtendedAPI.m in Sources */ = {isa = PBXBuildFile; fileRef = 8DB3AACC17B1DABB006421E0 /* NSFileManager+RFExtendedAPI.m */; };
		8DD9C17717B1C2BC00B00CAA /* Foundation.framework in Frameworks */ = {isa = PBXBuildFile; fileRef = 8DD9C17617B1C2BC00B00CAA /* Foundation.framework */; };
		8DD9C17A17B1C2BC00B00CAA /* main.m in Sources */ = {isa = PBXBuildFile; fileRef = 8DD9C17917B1C2BC00B00CAA /* main.m */; };
		8DD9C17E17B1C2BC00B00CAA /* ROADAttributesCodeGenerator.1 in CopyFiles */ = {isa = PBXBuildFile; fileRef = 8DD9C17D17B1C2BC00B00CAA /* ROADAttributesCodeGenerator.1 */; };
		8DD9C1D317B1C3C000B00CAA /* NSMutableString+RFExtendedAPI.m in Sources */ = {isa = PBXBuildFile; fileRef = 8DD9C18717B1C3C000B00CAA /* NSMutableString+RFExtendedAPI.m */; };
		8DD9C1D417B1C3C000B00CAA /* NSRegularExpression+RFExtendedAPI.m in Sources */ = {isa = PBXBuildFile; fileRef = 8DD9C18917B1C3C000B00CAA /* NSRegularExpression+RFExtendedAPI.m */; };
		8DD9C1D517B1C3C000B00CAA /* NSString+RFExtendedAPI.m in Sources */ = {isa = PBXBuildFile; fileRef = 8DD9C18B17B1C3C000B00CAA /* NSString+RFExtendedAPI.m */; };
		8DD9C1D617B1C3C000B00CAA /* RFTextFile.m in Sources */ = {isa = PBXBuildFile; fileRef = 8DD9C18D17B1C3C000B00CAA /* RFTextFile.m */; };
		8DD9C1D917B1C3C000B00CAA /* RFAttributesCodeGeneratorBase.m in Sources */ = {isa = PBXBuildFile; fileRef = 8DD9C19517B1C3C000B00CAA /* RFAttributesCodeGeneratorBase.m */; };
		8DD9C1DA17B1C3C000B00CAA /* RFClassAttributesCodeGenerator.m in Sources */ = {isa = PBXBuildFile; fileRef = 8DD9C19717B1C3C000B00CAA /* RFClassAttributesCodeGenerator.m */; };
		8DD9C1DB17B1C3C000B00CAA /* RFFieldsAttributesCodeGenerator.m in Sources */ = {isa = PBXBuildFile; fileRef = 8DD9C19917B1C3C000B00CAA /* RFFieldsAttributesCodeGenerator.m */; };
		8DD9C1DC17B1C3C000B00CAA /* RFMainAttributesCodeGenerator.m in Sources */ = {isa = PBXBuildFile; fileRef = 8DD9C19B17B1C3C000B00CAA /* RFMainAttributesCodeGenerator.m */; };
		8DD9C1DD17B1C3C000B00CAA /* RFMethodsAttributesCodeGenerator.m in Sources */ = {isa = PBXBuildFile; fileRef = 8DD9C19D17B1C3C000B00CAA /* RFMethodsAttributesCodeGenerator.m */; };
		8DD9C1DE17B1C3C000B00CAA /* RFPropertiesAttributesCodeGenerator.m in Sources */ = {isa = PBXBuildFile; fileRef = 8DD9C19F17B1C3C000B00CAA /* RFPropertiesAttributesCodeGenerator.m */; };
		8DD9C1DF17B1C3C000B00CAA /* RFAttributeDataParser.m in Sources */ = {isa = PBXBuildFile; fileRef = 8DD9C1A217B1C3C000B00CAA /* RFAttributeDataParser.m */; };
		8DD9C1E017B1C3C000B00CAA /* RFClassParser.m in Sources */ = {isa = PBXBuildFile; fileRef = 8DD9C1A417B1C3C000B00CAA /* RFClassParser.m */; };
		8DD9C1E117B1C3C000B00CAA /* RFFieldParser.m in Sources */ = {isa = PBXBuildFile; fileRef = 8DD9C1A617B1C3C000B00CAA /* RFFieldParser.m */; };
		8DD9C1E217B1C3C000B00CAA /* RFHeaderSectionParser.m in Sources */ = {isa = PBXBuildFile; fileRef = 8DD9C1A817B1C3C000B00CAA /* RFHeaderSectionParser.m */; };
		8DD9C1E317B1C3C000B00CAA /* RFMethodParser.m in Sources */ = {isa = PBXBuildFile; fileRef = 8DD9C1AA17B1C3C000B00CAA /* RFMethodParser.m */; };
		8DD9C1E417B1C3C000B00CAA /* RFPropertyParser.m in Sources */ = {isa = PBXBuildFile; fileRef = 8DD9C1AC17B1C3C000B00CAA /* RFPropertyParser.m */; };
		8DD9C1E517B1C3C000B00CAA /* RFSourceCodePreprocessor.m in Sources */ = {isa = PBXBuildFile; fileRef = 8DD9C1AF17B1C3C000B00CAA /* RFSourceCodePreprocessor.m */; };
		8DD9C1E617B1C3C000B00CAA /* RFUserSourceCodeConfigurator.m in Sources */ = {isa = PBXBuildFile; fileRef = 8DD9C1B117B1C3C000B00CAA /* RFUserSourceCodeConfigurator.m */; };
		8DD9C1E717B1C3C000B00CAA /* RFClassModelsContainer.m in Sources */ = {isa = PBXBuildFile; fileRef = 8DD9C1B417B1C3C000B00CAA /* RFClassModelsContainer.m */; };
		8DD9C1E817B1C3C000B00CAA /* RFMetaMarkersContainer.m in Sources */ = {isa = PBXBuildFile; fileRef = 8DD9C1B617B1C3C000B00CAA /* RFMetaMarkersContainer.m */; };
		8DD9C1E917B1C3C000B00CAA /* RFMetaMarkersStorageAdapter.m in Sources */ = {isa = PBXBuildFile; fileRef = 8DD9C1B817B1C3C000B00CAA /* RFMetaMarkersStorageAdapter.m */; };
		8DD9C1EA17B1C3C000B00CAA /* RFAnnotatedElementModel.m in Sources */ = {isa = PBXBuildFile; fileRef = 8DD9C1BB17B1C3C000B00CAA /* RFAnnotatedElementModel.m */; };
		8DD9C1EB17B1C3C000B00CAA /* RFAttributeModel.m in Sources */ = {isa = PBXBuildFile; fileRef = 8DD9C1BD17B1C3C000B00CAA /* RFAttributeModel.m */; };
		8DD9C1EC17B1C3C000B00CAA /* RFClassModel.m in Sources */ = {isa = PBXBuildFile; fileRef = 8DD9C1BF17B1C3C000B00CAA /* RFClassModel.m */; };
		8DD9C1ED17B1C3C000B00CAA /* RFCodeParseState.m in Sources */ = {isa = PBXBuildFile; fileRef = 8DD9C1C117B1C3C000B00CAA /* RFCodeParseState.m */; };
		8DD9C1EE17B1C3C000B00CAA /* RFFieldModel.m in Sources */ = {isa = PBXBuildFile; fileRef = 8DD9C1C317B1C3C000B00CAA /* RFFieldModel.m */; };
		8DD9C1EF17B1C3C000B00CAA /* RFMethodModel.m in Sources */ = {isa = PBXBuildFile; fileRef = 8DD9C1C517B1C3C000B00CAA /* RFMethodModel.m */; };
		8DD9C1F017B1C3C000B00CAA /* RFPreprocessedSourceCode.m in Sources */ = {isa = PBXBuildFile; fileRef = 8DD9C1C717B1C3C000B00CAA /* RFPreprocessedSourceCode.m */; };
		8DD9C1F117B1C3C000B00CAA /* RFPropertyModel.m in Sources */ = {isa = PBXBuildFile; fileRef = 8DD9C1C917B1C3C000B00CAA /* RFPropertyModel.m */; };
		8DD9C1F217B1C3C000B00CAA /* RFClassesModelHelper.m in Sources */ = {isa = PBXBuildFile; fileRef = 8DD9C1CC17B1C3C000B00CAA /* RFClassesModelHelper.m */; };
		8DD9C1F317B1C3C000B00CAA /* RFSourceCodeHelper.m in Sources */ = {isa = PBXBuildFile; fileRef = 8DD9C1CE17B1C3C000B00CAA /* RFSourceCodeHelper.m */; };
		8DD9C1F417B1C3C000B00CAA /* RFSourceFileHelper.m in Sources */ = {isa = PBXBuildFile; fileRef = 8DD9C1D017B1C3C000B00CAA /* RFSourceFileHelper.m */; };
		8DD9C1F517B1C3C000B00CAA /* RFSourceFilesProcessor.m in Sources */ = {isa = PBXBuildFile; fileRef = 8DD9C1D217B1C3C000B00CAA /* RFSourceFilesProcessor.m */; };
		8DD9C1FB17B1C60100B00CAA /* RFConsole.m in Sources */ = {isa = PBXBuildFile; fileRef = 8DD9C1F817B1C60100B00CAA /* RFConsole.m */; };
		8DD9C1FC17B1C60100B00CAA /* RFArgumentResolver.m in Sources */ = {isa = PBXBuildFile; fileRef = 8DD9C1FA17B1C60100B00CAA /* RFArgumentResolver.m */; };
		8DFAE17017D6085F002687B8 /* RFAttributeModelsContainer.m in Sources */ = {isa = PBXBuildFile; fileRef = 8DFAE16F17D6085F002687B8 /* RFAttributeModelsContainer.m */; };
/* End PBXBuildFile section */

/* Begin PBXContainerItemProxy section */
		119CF5801971C98500A70999 /* PBXContainerItemProxy */ = {
			isa = PBXContainerItemProxy;
			containerPortal = 8DD9C16B17B1C2BC00B00CAA /* Project object */;
			proxyType = 1;
			remoteGlobalIDString = 8DD9C17217B1C2BC00B00CAA;
			remoteInfo = ROADAttributesCodeGenerator;
		};
/* End PBXContainerItemProxy section */

/* Begin PBXCopyFilesBuildPhase section */
		8DD9C17117B1C2BC00B00CAA /* CopyFiles */ = {
			isa = PBXCopyFilesBuildPhase;
			buildActionMask = 2147483647;
			dstPath = /usr/share/man/man1/;
			dstSubfolderSpec = 0;
			files = (
				8DD9C17E17B1C2BC00B00CAA /* ROADAttributesCodeGenerator.1 in CopyFiles */,
			);
			runOnlyForDeploymentPostprocessing = 1;
		};
/* End PBXCopyFilesBuildPhase section */

/* Begin PBXFileReference section */
		117641DA18F5B05E00B1688B /* RFDefineParser.h */ = {isa = PBXFileReference; fileEncoding = 4; lastKnownFileType = sourcecode.c.h; path = RFDefineParser.h; sourceTree = "<group>"; };
		117641DB18F5B05E00B1688B /* RFDefineParser.m */ = {isa = PBXFileReference; fileEncoding = 4; lastKnownFileType = sourcecode.c.objc; path = RFDefineParser.m; sourceTree = "<group>"; };
		117641DD18F5CB7000B1688B /* RFDefineModel.h */ = {isa = PBXFileReference; fileEncoding = 4; lastKnownFileType = sourcecode.c.h; path = RFDefineModel.h; sourceTree = "<group>"; };
		117641DE18F5CB7000B1688B /* RFDefineModel.m */ = {isa = PBXFileReference; fileEncoding = 4; lastKnownFileType = sourcecode.c.objc; path = RFDefineModel.m; sourceTree = "<group>"; };
		119CF5741971C98500A70999 /* ROADAttributesCodeGeneratorTests.xctest */ = {isa = PBXFileReference; explicitFileType = wrapper.cfbundle; includeInIndex = 0; path = ROADAttributesCodeGeneratorTests.xctest; sourceTree = BUILT_PRODUCTS_DIR; };
		119CF5751971C98500A70999 /* XCTest.framework */ = {isa = PBXFileReference; lastKnownFileType = wrapper.framework; name = XCTest.framework; path = Library/Frameworks/XCTest.framework; sourceTree = DEVELOPER_DIR; };
		119CF5791971C98500A70999 /* ROADAttributesCodeGeneratorTests-Info.plist */ = {isa = PBXFileReference; lastKnownFileType = text.plist.xml; path = "ROADAttributesCodeGeneratorTests-Info.plist"; sourceTree = "<group>"; };
		119CF57B1971C98500A70999 /* en */ = {isa = PBXFileReference; lastKnownFileType = text.plist.strings; name = en; path = en.lproj/InfoPlist.strings; sourceTree = "<group>"; };
		119CF57D1971C98500A70999 /* ROADAttributesCodeGeneratorTests.m */ = {isa = PBXFileReference; lastKnownFileType = sourcecode.c.objc; path = ROADAttributesCodeGeneratorTests.m; sourceTree = "<group>"; };
		119CF57F1971C98500A70999 /* ROADAttributesCodeGeneratorTests-Prefix.pch */ = {isa = PBXFileReference; lastKnownFileType = sourcecode.c.h; path = "ROADAttributesCodeGeneratorTests-Prefix.pch"; sourceTree = "<group>"; };
		1A8A2E94181908B700877EE0 /* RFProtocolModelsContainer.h */ = {isa = PBXFileReference; fileEncoding = 4; lastKnownFileType = sourcecode.c.h; path = RFProtocolModelsContainer.h; sourceTree = "<group>"; };
		1A8A2E95181908B700877EE0 /* RFProtocolModelsContainer.m */ = {isa = PBXFileReference; fileEncoding = 4; lastKnownFileType = sourcecode.c.objc; path = RFProtocolModelsContainer.m; sourceTree = "<group>"; };
		1A8A2E9718190FD300877EE0 /* RFProtocolsModelHelper.h */ = {isa = PBXFileReference; fileEncoding = 4; lastKnownFileType = sourcecode.c.h; path = RFProtocolsModelHelper.h; sourceTree = "<group>"; };
		1A8A2E9818190FD300877EE0 /* RFProtocolsModelHelper.m */ = {isa = PBXFileReference; fileEncoding = 4; lastKnownFileType = sourcecode.c.objc; path = RFProtocolsModelHelper.m; sourceTree = "<group>"; };
		1AAB2402181687D7007CC865 /* RFProtocolModel.h */ = {isa = PBXFileReference; fileEncoding = 4; lastKnownFileType = sourcecode.c.h; path = RFProtocolModel.h; sourceTree = "<group>"; };
		1AAB2403181687D7007CC865 /* RFProtocolModel.m */ = {isa = PBXFileReference; fileEncoding = 4; lastKnownFileType = sourcecode.c.objc; path = RFProtocolModel.m; sourceTree = "<group>"; };
		1AAB240518168829007CC865 /* RFProtocolParser.h */ = {isa = PBXFileReference; fileEncoding = 4; lastKnownFileType = sourcecode.c.h; path = RFProtocolParser.h; sourceTree = "<group>"; };
		1AAB240618168829007CC865 /* RFProtocolParser.m */ = {isa = PBXFileReference; fileEncoding = 4; lastKnownFileType = sourcecode.c.objc; path = RFProtocolParser.m; sourceTree = "<group>"; };
		8DB3AACB17B1DABB006421E0 /* NSFileManager+RFExtendedAPI.h */ = {isa = PBXFileReference; fileEncoding = 4; lastKnownFileType = sourcecode.c.h; path = "NSFileManager+RFExtendedAPI.h"; sourceTree = "<group>"; };
		8DB3AACC17B1DABB006421E0 /* NSFileManager+RFExtendedAPI.m */ = {isa = PBXFileReference; fileEncoding = 4; lastKnownFileType = sourcecode.c.objc; path = "NSFileManager+RFExtendedAPI.m"; sourceTree = "<group>"; };
		8DD9C17317B1C2BC00B00CAA /* ROADAttributesCodeGenerator */ = {isa = PBXFileReference; explicitFileType = "compiled.mach-o.executable"; includeInIndex = 0; path = ROADAttributesCodeGenerator; sourceTree = BUILT_PRODUCTS_DIR; };
		8DD9C17617B1C2BC00B00CAA /* Foundation.framework */ = {isa = PBXFileReference; lastKnownFileType = wrapper.framework; name = Foundation.framework; path = System/Library/Frameworks/Foundation.framework; sourceTree = SDKROOT; };
		8DD9C17917B1C2BC00B00CAA /* main.m */ = {isa = PBXFileReference; lastKnownFileType = sourcecode.c.objc; path = main.m; sourceTree = "<group>"; };
		8DD9C17C17B1C2BC00B00CAA /* ROADAttributesCodeGenerator-Prefix.pch */ = {isa = PBXFileReference; lastKnownFileType = sourcecode.c.h; path = "ROADAttributesCodeGenerator-Prefix.pch"; sourceTree = "<group>"; };
		8DD9C17D17B1C2BC00B00CAA /* ROADAttributesCodeGenerator.1 */ = {isa = PBXFileReference; lastKnownFileType = text.man; path = ROADAttributesCodeGenerator.1; sourceTree = "<group>"; };
		8DD9C18617B1C3C000B00CAA /* NSMutableString+RFExtendedAPI.h */ = {isa = PBXFileReference; fileEncoding = 4; lastKnownFileType = sourcecode.c.h; path = "NSMutableString+RFExtendedAPI.h"; sourceTree = "<group>"; };
		8DD9C18717B1C3C000B00CAA /* NSMutableString+RFExtendedAPI.m */ = {isa = PBXFileReference; fileEncoding = 4; lastKnownFileType = sourcecode.c.objc; path = "NSMutableString+RFExtendedAPI.m"; sourceTree = "<group>"; };
		8DD9C18817B1C3C000B00CAA /* NSRegularExpression+RFExtendedAPI.h */ = {isa = PBXFileReference; fileEncoding = 4; lastKnownFileType = sourcecode.c.h; path = "NSRegularExpression+RFExtendedAPI.h"; sourceTree = "<group>"; };
		8DD9C18917B1C3C000B00CAA /* NSRegularExpression+RFExtendedAPI.m */ = {isa = PBXFileReference; fileEncoding = 4; lastKnownFileType = sourcecode.c.objc; path = "NSRegularExpression+RFExtendedAPI.m"; sourceTree = "<group>"; };
		8DD9C18A17B1C3C000B00CAA /* NSString+RFExtendedAPI.h */ = {isa = PBXFileReference; fileEncoding = 4; lastKnownFileType = sourcecode.c.h; path = "NSString+RFExtendedAPI.h"; sourceTree = "<group>"; };
		8DD9C18B17B1C3C000B00CAA /* NSString+RFExtendedAPI.m */ = {isa = PBXFileReference; fileEncoding = 4; lastKnownFileType = sourcecode.c.objc; path = "NSString+RFExtendedAPI.m"; sourceTree = "<group>"; };
		8DD9C18C17B1C3C000B00CAA /* RFTextFile.h */ = {isa = PBXFileReference; fileEncoding = 4; lastKnownFileType = sourcecode.c.h; path = RFTextFile.h; sourceTree = "<group>"; };
		8DD9C18D17B1C3C000B00CAA /* RFTextFile.m */ = {isa = PBXFileReference; fileEncoding = 4; lastKnownFileType = sourcecode.c.objc; path = RFTextFile.m; sourceTree = "<group>"; };
		8DD9C19417B1C3C000B00CAA /* RFAttributesCodeGeneratorBase.h */ = {isa = PBXFileReference; fileEncoding = 4; lastKnownFileType = sourcecode.c.h; path = RFAttributesCodeGeneratorBase.h; sourceTree = "<group>"; };
		8DD9C19517B1C3C000B00CAA /* RFAttributesCodeGeneratorBase.m */ = {isa = PBXFileReference; fileEncoding = 4; lastKnownFileType = sourcecode.c.objc; lineEnding = 0; path = RFAttributesCodeGeneratorBase.m; sourceTree = "<group>"; xcLanguageSpecificationIdentifier = xcode.lang.objc; };
		8DD9C19617B1C3C000B00CAA /* RFClassAttributesCodeGenerator.h */ = {isa = PBXFileReference; fileEncoding = 4; lastKnownFileType = sourcecode.c.h; path = RFClassAttributesCodeGenerator.h; sourceTree = "<group>"; };
		8DD9C19717B1C3C000B00CAA /* RFClassAttributesCodeGenerator.m */ = {isa = PBXFileReference; fileEncoding = 4; lastKnownFileType = sourcecode.c.objc; lineEnding = 0; path = RFClassAttributesCodeGenerator.m; sourceTree = "<group>"; xcLanguageSpecificationIdentifier = xcode.lang.objc; };
		8DD9C19817B1C3C000B00CAA /* RFFieldsAttributesCodeGenerator.h */ = {isa = PBXFileReference; fileEncoding = 4; lastKnownFileType = sourcecode.c.h; path = RFFieldsAttributesCodeGenerator.h; sourceTree = "<group>"; };
		8DD9C19917B1C3C000B00CAA /* RFFieldsAttributesCodeGenerator.m */ = {isa = PBXFileReference; fileEncoding = 4; lastKnownFileType = sourcecode.c.objc; path = RFFieldsAttributesCodeGenerator.m; sourceTree = "<group>"; };
		8DD9C19A17B1C3C000B00CAA /* RFMainAttributesCodeGenerator.h */ = {isa = PBXFileReference; fileEncoding = 4; lastKnownFileType = sourcecode.c.h; path = RFMainAttributesCodeGenerator.h; sourceTree = "<group>"; };
		8DD9C19B17B1C3C000B00CAA /* RFMainAttributesCodeGenerator.m */ = {isa = PBXFileReference; fileEncoding = 4; lastKnownFileType = sourcecode.c.objc; lineEnding = 0; path = RFMainAttributesCodeGenerator.m; sourceTree = "<group>"; xcLanguageSpecificationIdentifier = xcode.lang.objc; };
		8DD9C19C17B1C3C000B00CAA /* RFMethodsAttributesCodeGenerator.h */ = {isa = PBXFileReference; fileEncoding = 4; lastKnownFileType = sourcecode.c.h; path = RFMethodsAttributesCodeGenerator.h; sourceTree = "<group>"; };
		8DD9C19D17B1C3C000B00CAA /* RFMethodsAttributesCodeGenerator.m */ = {isa = PBXFileReference; fileEncoding = 4; lastKnownFileType = sourcecode.c.objc; path = RFMethodsAttributesCodeGenerator.m; sourceTree = "<group>"; };
		8DD9C19E17B1C3C000B00CAA /* RFPropertiesAttributesCodeGenerator.h */ = {isa = PBXFileReference; fileEncoding = 4; lastKnownFileType = sourcecode.c.h; path = RFPropertiesAttributesCodeGenerator.h; sourceTree = "<group>"; };
		8DD9C19F17B1C3C000B00CAA /* RFPropertiesAttributesCodeGenerator.m */ = {isa = PBXFileReference; fileEncoding = 4; lastKnownFileType = sourcecode.c.objc; path = RFPropertiesAttributesCodeGenerator.m; sourceTree = "<group>"; };
		8DD9C1A117B1C3C000B00CAA /* RFAttributeDataParser.h */ = {isa = PBXFileReference; fileEncoding = 4; lastKnownFileType = sourcecode.c.h; path = RFAttributeDataParser.h; sourceTree = "<group>"; };
		8DD9C1A217B1C3C000B00CAA /* RFAttributeDataParser.m */ = {isa = PBXFileReference; fileEncoding = 4; lastKnownFileType = sourcecode.c.objc; path = RFAttributeDataParser.m; sourceTree = "<group>"; };
		8DD9C1A317B1C3C000B00CAA /* RFClassParser.h */ = {isa = PBXFileReference; fileEncoding = 4; lastKnownFileType = sourcecode.c.h; path = RFClassParser.h; sourceTree = "<group>"; };
		8DD9C1A417B1C3C000B00CAA /* RFClassParser.m */ = {isa = PBXFileReference; fileEncoding = 4; lastKnownFileType = sourcecode.c.objc; path = RFClassParser.m; sourceTree = "<group>"; };
		8DD9C1A517B1C3C000B00CAA /* RFFieldParser.h */ = {isa = PBXFileReference; fileEncoding = 4; lastKnownFileType = sourcecode.c.h; path = RFFieldParser.h; sourceTree = "<group>"; };
		8DD9C1A617B1C3C000B00CAA /* RFFieldParser.m */ = {isa = PBXFileReference; fileEncoding = 4; lastKnownFileType = sourcecode.c.objc; path = RFFieldParser.m; sourceTree = "<group>"; };
		8DD9C1A717B1C3C000B00CAA /* RFHeaderSectionParser.h */ = {isa = PBXFileReference; fileEncoding = 4; lastKnownFileType = sourcecode.c.h; path = RFHeaderSectionParser.h; sourceTree = "<group>"; };
		8DD9C1A817B1C3C000B00CAA /* RFHeaderSectionParser.m */ = {isa = PBXFileReference; fileEncoding = 4; lastKnownFileType = sourcecode.c.objc; path = RFHeaderSectionParser.m; sourceTree = "<group>"; };
		8DD9C1A917B1C3C000B00CAA /* RFMethodParser.h */ = {isa = PBXFileReference; fileEncoding = 4; lastKnownFileType = sourcecode.c.h; path = RFMethodParser.h; sourceTree = "<group>"; };
		8DD9C1AA17B1C3C000B00CAA /* RFMethodParser.m */ = {isa = PBXFileReference; fileEncoding = 4; lastKnownFileType = sourcecode.c.objc; path = RFMethodParser.m; sourceTree = "<group>"; };
		8DD9C1AB17B1C3C000B00CAA /* RFPropertyParser.h */ = {isa = PBXFileReference; fileEncoding = 4; lastKnownFileType = sourcecode.c.h; path = RFPropertyParser.h; sourceTree = "<group>"; };
		8DD9C1AC17B1C3C000B00CAA /* RFPropertyParser.m */ = {isa = PBXFileReference; fileEncoding = 4; lastKnownFileType = sourcecode.c.objc; path = RFPropertyParser.m; sourceTree = "<group>"; };
		8DD9C1AE17B1C3C000B00CAA /* RFSourceCodePreprocessor.h */ = {isa = PBXFileReference; fileEncoding = 4; lastKnownFileType = sourcecode.c.h; path = RFSourceCodePreprocessor.h; sourceTree = "<group>"; };
		8DD9C1AF17B1C3C000B00CAA /* RFSourceCodePreprocessor.m */ = {isa = PBXFileReference; fileEncoding = 4; lastKnownFileType = sourcecode.c.objc; path = RFSourceCodePreprocessor.m; sourceTree = "<group>"; };
		8DD9C1B017B1C3C000B00CAA /* RFUserSourceCodeConfigurator.h */ = {isa = PBXFileReference; fileEncoding = 4; lastKnownFileType = sourcecode.c.h; path = RFUserSourceCodeConfigurator.h; sourceTree = "<group>"; };
		8DD9C1B117B1C3C000B00CAA /* RFUserSourceCodeConfigurator.m */ = {isa = PBXFileReference; fileEncoding = 4; lastKnownFileType = sourcecode.c.objc; path = RFUserSourceCodeConfigurator.m; sourceTree = "<group>"; };
		8DD9C1B317B1C3C000B00CAA /* RFClassModelsContainer.h */ = {isa = PBXFileReference; fileEncoding = 4; lastKnownFileType = sourcecode.c.h; path = RFClassModelsContainer.h; sourceTree = "<group>"; };
		8DD9C1B417B1C3C000B00CAA /* RFClassModelsContainer.m */ = {isa = PBXFileReference; fileEncoding = 4; lastKnownFileType = sourcecode.c.objc; path = RFClassModelsContainer.m; sourceTree = "<group>"; };
		8DD9C1B517B1C3C000B00CAA /* RFMetaMarkersContainer.h */ = {isa = PBXFileReference; fileEncoding = 4; lastKnownFileType = sourcecode.c.h; path = RFMetaMarkersContainer.h; sourceTree = "<group>"; };
		8DD9C1B617B1C3C000B00CAA /* RFMetaMarkersContainer.m */ = {isa = PBXFileReference; fileEncoding = 4; lastKnownFileType = sourcecode.c.objc; path = RFMetaMarkersContainer.m; sourceTree = "<group>"; };
		8DD9C1B717B1C3C000B00CAA /* RFMetaMarkersStorageAdapter.h */ = {isa = PBXFileReference; fileEncoding = 4; lastKnownFileType = sourcecode.c.h; path = RFMetaMarkersStorageAdapter.h; sourceTree = "<group>"; };
		8DD9C1B817B1C3C000B00CAA /* RFMetaMarkersStorageAdapter.m */ = {isa = PBXFileReference; fileEncoding = 4; lastKnownFileType = sourcecode.c.objc; path = RFMetaMarkersStorageAdapter.m; sourceTree = "<group>"; };
		8DD9C1BA17B1C3C000B00CAA /* RFAnnotatedElementModel.h */ = {isa = PBXFileReference; fileEncoding = 4; lastKnownFileType = sourcecode.c.h; path = RFAnnotatedElementModel.h; sourceTree = "<group>"; };
		8DD9C1BB17B1C3C000B00CAA /* RFAnnotatedElementModel.m */ = {isa = PBXFileReference; fileEncoding = 4; lastKnownFileType = sourcecode.c.objc; path = RFAnnotatedElementModel.m; sourceTree = "<group>"; };
		8DD9C1BC17B1C3C000B00CAA /* RFAttributeModel.h */ = {isa = PBXFileReference; fileEncoding = 4; lastKnownFileType = sourcecode.c.h; path = RFAttributeModel.h; sourceTree = "<group>"; };
		8DD9C1BD17B1C3C000B00CAA /* RFAttributeModel.m */ = {isa = PBXFileReference; fileEncoding = 4; lastKnownFileType = sourcecode.c.objc; path = RFAttributeModel.m; sourceTree = "<group>"; };
		8DD9C1BE17B1C3C000B00CAA /* RFClassModel.h */ = {isa = PBXFileReference; fileEncoding = 4; lastKnownFileType = sourcecode.c.h; path = RFClassModel.h; sourceTree = "<group>"; };
		8DD9C1BF17B1C3C000B00CAA /* RFClassModel.m */ = {isa = PBXFileReference; fileEncoding = 4; lastKnownFileType = sourcecode.c.objc; path = RFClassModel.m; sourceTree = "<group>"; };
		8DD9C1C017B1C3C000B00CAA /* RFCodeParseState.h */ = {isa = PBXFileReference; fileEncoding = 4; lastKnownFileType = sourcecode.c.h; path = RFCodeParseState.h; sourceTree = "<group>"; };
		8DD9C1C117B1C3C000B00CAA /* RFCodeParseState.m */ = {isa = PBXFileReference; fileEncoding = 4; lastKnownFileType = sourcecode.c.objc; path = RFCodeParseState.m; sourceTree = "<group>"; };
		8DD9C1C217B1C3C000B00CAA /* RFFieldModel.h */ = {isa = PBXFileReference; fileEncoding = 4; lastKnownFileType = sourcecode.c.h; path = RFFieldModel.h; sourceTree = "<group>"; };
		8DD9C1C317B1C3C000B00CAA /* RFFieldModel.m */ = {isa = PBXFileReference; fileEncoding = 4; lastKnownFileType = sourcecode.c.objc; path = RFFieldModel.m; sourceTree = "<group>"; };
		8DD9C1C417B1C3C000B00CAA /* RFMethodModel.h */ = {isa = PBXFileReference; fileEncoding = 4; lastKnownFileType = sourcecode.c.h; path = RFMethodModel.h; sourceTree = "<group>"; };
		8DD9C1C517B1C3C000B00CAA /* RFMethodModel.m */ = {isa = PBXFileReference; fileEncoding = 4; lastKnownFileType = sourcecode.c.objc; path = RFMethodModel.m; sourceTree = "<group>"; };
		8DD9C1C617B1C3C000B00CAA /* RFPreprocessedSourceCode.h */ = {isa = PBXFileReference; fileEncoding = 4; lastKnownFileType = sourcecode.c.h; path = RFPreprocessedSourceCode.h; sourceTree = "<group>"; };
		8DD9C1C717B1C3C000B00CAA /* RFPreprocessedSourceCode.m */ = {isa = PBXFileReference; fileEncoding = 4; lastKnownFileType = sourcecode.c.objc; path = RFPreprocessedSourceCode.m; sourceTree = "<group>"; };
		8DD9C1C817B1C3C000B00CAA /* RFPropertyModel.h */ = {isa = PBXFileReference; fileEncoding = 4; lastKnownFileType = sourcecode.c.h; path = RFPropertyModel.h; sourceTree = "<group>"; };
		8DD9C1C917B1C3C000B00CAA /* RFPropertyModel.m */ = {isa = PBXFileReference; fileEncoding = 4; lastKnownFileType = sourcecode.c.objc; path = RFPropertyModel.m; sourceTree = "<group>"; };
		8DD9C1CB17B1C3C000B00CAA /* RFClassesModelHelper.h */ = {isa = PBXFileReference; fileEncoding = 4; lastKnownFileType = sourcecode.c.h; path = RFClassesModelHelper.h; sourceTree = "<group>"; };
		8DD9C1CC17B1C3C000B00CAA /* RFClassesModelHelper.m */ = {isa = PBXFileReference; fileEncoding = 4; lastKnownFileType = sourcecode.c.objc; path = RFClassesModelHelper.m; sourceTree = "<group>"; };
		8DD9C1CD17B1C3C000B00CAA /* RFSourceCodeHelper.h */ = {isa = PBXFileReference; fileEncoding = 4; lastKnownFileType = sourcecode.c.h; path = RFSourceCodeHelper.h; sourceTree = "<group>"; };
		8DD9C1CE17B1C3C000B00CAA /* RFSourceCodeHelper.m */ = {isa = PBXFileReference; fileEncoding = 4; lastKnownFileType = sourcecode.c.objc; path = RFSourceCodeHelper.m; sourceTree = "<group>"; };
		8DD9C1CF17B1C3C000B00CAA /* RFSourceFileHelper.h */ = {isa = PBXFileReference; fileEncoding = 4; lastKnownFileType = sourcecode.c.h; path = RFSourceFileHelper.h; sourceTree = "<group>"; };
		8DD9C1D017B1C3C000B00CAA /* RFSourceFileHelper.m */ = {isa = PBXFileReference; fileEncoding = 4; lastKnownFileType = sourcecode.c.objc; path = RFSourceFileHelper.m; sourceTree = "<group>"; };
		8DD9C1D117B1C3C000B00CAA /* RFSourceFilesProcessor.h */ = {isa = PBXFileReference; fileEncoding = 4; lastKnownFileType = sourcecode.c.h; path = RFSourceFilesProcessor.h; sourceTree = "<group>"; };
		8DD9C1D217B1C3C000B00CAA /* RFSourceFilesProcessor.m */ = {isa = PBXFileReference; fileEncoding = 4; lastKnownFileType = sourcecode.c.objc; path = RFSourceFilesProcessor.m; sourceTree = "<group>"; };
		8DD9C1F717B1C60100B00CAA /* RFConsole.h */ = {isa = PBXFileReference; fileEncoding = 4; lastKnownFileType = sourcecode.c.h; path = RFConsole.h; sourceTree = "<group>"; };
		8DD9C1F817B1C60100B00CAA /* RFConsole.m */ = {isa = PBXFileReference; fileEncoding = 4; lastKnownFileType = sourcecode.c.objc; path = RFConsole.m; sourceTree = "<group>"; };
		8DD9C1F917B1C60100B00CAA /* RFArgumentResolver.h */ = {isa = PBXFileReference; fileEncoding = 4; lastKnownFileType = sourcecode.c.h; path = RFArgumentResolver.h; sourceTree = "<group>"; };
		8DD9C1FA17B1C60100B00CAA /* RFArgumentResolver.m */ = {isa = PBXFileReference; fileEncoding = 4; lastKnownFileType = sourcecode.c.objc; path = RFArgumentResolver.m; sourceTree = "<group>"; };
		8DFAE16E17D6085F002687B8 /* RFAttributeModelsContainer.h */ = {isa = PBXFileReference; fileEncoding = 4; lastKnownFileType = sourcecode.c.h; path = RFAttributeModelsContainer.h; sourceTree = "<group>"; };
		8DFAE16F17D6085F002687B8 /* RFAttributeModelsContainer.m */ = {isa = PBXFileReference; fileEncoding = 4; lastKnownFileType = sourcecode.c.objc; path = RFAttributeModelsContainer.m; sourceTree = "<group>"; };
/* End PBXFileReference section */

/* Begin PBXFrameworksBuildPhase section */
		119CF5711971C98500A70999 /* Frameworks */ = {
			isa = PBXFrameworksBuildPhase;
			buildActionMask = 2147483647;
			files = (
				119CF5761971C98500A70999 /* XCTest.framework in Frameworks */,
			);
			runOnlyForDeploymentPostprocessing = 0;
		};
		8DD9C17017B1C2BC00B00CAA /* Frameworks */ = {
			isa = PBXFrameworksBuildPhase;
			buildActionMask = 2147483647;
			files = (
				8DD9C17717B1C2BC00B00CAA /* Foundation.framework in Frameworks */,
			);
			runOnlyForDeploymentPostprocessing = 0;
		};
/* End PBXFrameworksBuildPhase section */

/* Begin PBXGroup section */
		119CF5771971C98500A70999 /* ROADAttributesCodeGeneratorTests */ = {
			isa = PBXGroup;
			children = (
				119CF57D1971C98500A70999 /* ROADAttributesCodeGeneratorTests.m */,
				119CF5781971C98500A70999 /* Supporting Files */,
			);
			path = ROADAttributesCodeGeneratorTests;
			sourceTree = "<group>";
		};
		119CF5781971C98500A70999 /* Supporting Files */ = {
			isa = PBXGroup;
			children = (
				119CF5791971C98500A70999 /* ROADAttributesCodeGeneratorTests-Info.plist */,
				119CF57A1971C98500A70999 /* InfoPlist.strings */,
				119CF57F1971C98500A70999 /* ROADAttributesCodeGeneratorTests-Prefix.pch */,
			);
			name = "Supporting Files";
			sourceTree = "<group>";
		};
		8DD9C16A17B1C2BC00B00CAA = {
			isa = PBXGroup;
			children = (
				8DD9C17817B1C2BC00B00CAA /* ROADAttributesCodeGenerator */,
				119CF5771971C98500A70999 /* ROADAttributesCodeGeneratorTests */,
				8DD9C17517B1C2BC00B00CAA /* Frameworks */,
				8DD9C17417B1C2BC00B00CAA /* Products */,
			);
			sourceTree = "<group>";
		};
		8DD9C17417B1C2BC00B00CAA /* Products */ = {
			isa = PBXGroup;
			children = (
				8DD9C17317B1C2BC00B00CAA /* ROADAttributesCodeGenerator */,
				119CF5741971C98500A70999 /* ROADAttributesCodeGeneratorTests.xctest */,
			);
			name = Products;
			sourceTree = "<group>";
		};
		8DD9C17517B1C2BC00B00CAA /* Frameworks */ = {
			isa = PBXGroup;
			children = (
				8DD9C17617B1C2BC00B00CAA /* Foundation.framework */,
				119CF5751971C98500A70999 /* XCTest.framework */,
			);
			name = Frameworks;
			sourceTree = "<group>";
		};
		8DD9C17817B1C2BC00B00CAA /* ROADAttributesCodeGenerator */ = {
			isa = PBXGroup;
			children = (
				8DD9C1F617B1C60100B00CAA /* Tools */,
				8DD9C18517B1C3C000B00CAA /* APIExtensions */,
				8DD9C19217B1C3C000B00CAA /* Logic */,
				8DD9C17917B1C2BC00B00CAA /* main.m */,
				8DD9C17D17B1C2BC00B00CAA /* ROADAttributesCodeGenerator.1 */,
				8DD9C17B17B1C2BC00B00CAA /* Supporting Files */,
			);
			path = ROADAttributesCodeGenerator;
			sourceTree = "<group>";
		};
		8DD9C17B17B1C2BC00B00CAA /* Supporting Files */ = {
			isa = PBXGroup;
			children = (
				8DD9C17C17B1C2BC00B00CAA /* ROADAttributesCodeGenerator-Prefix.pch */,
			);
			name = "Supporting Files";
			sourceTree = "<group>";
		};
		8DD9C18517B1C3C000B00CAA /* APIExtensions */ = {
			isa = PBXGroup;
			children = (
				8DD9C18617B1C3C000B00CAA /* NSMutableString+RFExtendedAPI.h */,
				8DD9C18717B1C3C000B00CAA /* NSMutableString+RFExtendedAPI.m */,
				8DD9C18817B1C3C000B00CAA /* NSRegularExpression+RFExtendedAPI.h */,
				8DD9C18917B1C3C000B00CAA /* NSRegularExpression+RFExtendedAPI.m */,
				8DD9C18A17B1C3C000B00CAA /* NSString+RFExtendedAPI.h */,
				8DD9C18B17B1C3C000B00CAA /* NSString+RFExtendedAPI.m */,
				8DD9C18C17B1C3C000B00CAA /* RFTextFile.h */,
				8DD9C18D17B1C3C000B00CAA /* RFTextFile.m */,
				8DB3AACB17B1DABB006421E0 /* NSFileManager+RFExtendedAPI.h */,
				8DB3AACC17B1DABB006421E0 /* NSFileManager+RFExtendedAPI.m */,
			);
			path = APIExtensions;
			sourceTree = "<group>";
		};
		8DD9C19217B1C3C000B00CAA /* Logic */ = {
			isa = PBXGroup;
			children = (
				8DD9C19317B1C3C000B00CAA /* CodeGenerators */,
				8DD9C1A017B1C3C000B00CAA /* CodeParsers */,
				8DD9C1AD17B1C3C000B00CAA /* CodeTransformators */,
				8DD9C1B217B1C3C000B00CAA /* DataContainers */,
				8DD9C1B917B1C3C000B00CAA /* DataModels */,
				8DD9C1CA17B1C3C000B00CAA /* Helpers */,
				8DD9C1D117B1C3C000B00CAA /* RFSourceFilesProcessor.h */,
				8DD9C1D217B1C3C000B00CAA /* RFSourceFilesProcessor.m */,
			);
			path = Logic;
			sourceTree = "<group>";
		};
		8DD9C19317B1C3C000B00CAA /* CodeGenerators */ = {
			isa = PBXGroup;
			children = (
				8DD9C19417B1C3C000B00CAA /* RFAttributesCodeGeneratorBase.h */,
				8DD9C19517B1C3C000B00CAA /* RFAttributesCodeGeneratorBase.m */,
				8DD9C19617B1C3C000B00CAA /* RFClassAttributesCodeGenerator.h */,
				8DD9C19717B1C3C000B00CAA /* RFClassAttributesCodeGenerator.m */,
				8DD9C19817B1C3C000B00CAA /* RFFieldsAttributesCodeGenerator.h */,
				8DD9C19917B1C3C000B00CAA /* RFFieldsAttributesCodeGenerator.m */,
				8DD9C19A17B1C3C000B00CAA /* RFMainAttributesCodeGenerator.h */,
				8DD9C19B17B1C3C000B00CAA /* RFMainAttributesCodeGenerator.m */,
				8DD9C19C17B1C3C000B00CAA /* RFMethodsAttributesCodeGenerator.h */,
				8DD9C19D17B1C3C000B00CAA /* RFMethodsAttributesCodeGenerator.m */,
				8DD9C19E17B1C3C000B00CAA /* RFPropertiesAttributesCodeGenerator.h */,
				8DD9C19F17B1C3C000B00CAA /* RFPropertiesAttributesCodeGenerator.m */,
			);
			path = CodeGenerators;
			sourceTree = "<group>";
		};
		8DD9C1A017B1C3C000B00CAA /* CodeParsers */ = {
			isa = PBXGroup;
			children = (
				8DD9C1A117B1C3C000B00CAA /* RFAttributeDataParser.h */,
				8DD9C1A217B1C3C000B00CAA /* RFAttributeDataParser.m */,
				8DD9C1A317B1C3C000B00CAA /* RFClassParser.h */,
				8DD9C1A417B1C3C000B00CAA /* RFClassParser.m */,
				8DD9C1A517B1C3C000B00CAA /* RFFieldParser.h */,
				8DD9C1A617B1C3C000B00CAA /* RFFieldParser.m */,
				8DD9C1A717B1C3C000B00CAA /* RFHeaderSectionParser.h */,
				8DD9C1A817B1C3C000B00CAA /* RFHeaderSectionParser.m */,
				8DD9C1A917B1C3C000B00CAA /* RFMethodParser.h */,
				8DD9C1AA17B1C3C000B00CAA /* RFMethodParser.m */,
				8DD9C1AB17B1C3C000B00CAA /* RFPropertyParser.h */,
				8DD9C1AC17B1C3C000B00CAA /* RFPropertyParser.m */,
				1AAB240518168829007CC865 /* RFProtocolParser.h */,
				1AAB240618168829007CC865 /* RFProtocolParser.m */,
				117641DA18F5B05E00B1688B /* RFDefineParser.h */,
				117641DB18F5B05E00B1688B /* RFDefineParser.m */,
			);
			path = CodeParsers;
			sourceTree = "<group>";
		};
		8DD9C1AD17B1C3C000B00CAA /* CodeTransformators */ = {
			isa = PBXGroup;
			children = (
				8DD9C1AE17B1C3C000B00CAA /* RFSourceCodePreprocessor.h */,
				8DD9C1AF17B1C3C000B00CAA /* RFSourceCodePreprocessor.m */,
				8DD9C1B017B1C3C000B00CAA /* RFUserSourceCodeConfigurator.h */,
				8DD9C1B117B1C3C000B00CAA /* RFUserSourceCodeConfigurator.m */,
			);
			path = CodeTransformators;
			sourceTree = "<group>";
		};
		8DD9C1B217B1C3C000B00CAA /* DataContainers */ = {
			isa = PBXGroup;
			children = (
				8DFAE16E17D6085F002687B8 /* RFAttributeModelsContainer.h */,
				8DFAE16F17D6085F002687B8 /* RFAttributeModelsContainer.m */,
				8DD9C1B317B1C3C000B00CAA /* RFClassModelsContainer.h */,
				8DD9C1B417B1C3C000B00CAA /* RFClassModelsContainer.m */,
				8DD9C1B517B1C3C000B00CAA /* RFMetaMarkersContainer.h */,
				8DD9C1B617B1C3C000B00CAA /* RFMetaMarkersContainer.m */,
				8DD9C1B717B1C3C000B00CAA /* RFMetaMarkersStorageAdapter.h */,
				8DD9C1B817B1C3C000B00CAA /* RFMetaMarkersStorageAdapter.m */,
				1A8A2E94181908B700877EE0 /* RFProtocolModelsContainer.h */,
				1A8A2E95181908B700877EE0 /* RFProtocolModelsContainer.m */,
			);
			path = DataContainers;
			sourceTree = "<group>";
		};
		8DD9C1B917B1C3C000B00CAA /* DataModels */ = {
			isa = PBXGroup;
			children = (
				8DD9C1BA17B1C3C000B00CAA /* RFAnnotatedElementModel.h */,
				8DD9C1BB17B1C3C000B00CAA /* RFAnnotatedElementModel.m */,
				8DD9C1BC17B1C3C000B00CAA /* RFAttributeModel.h */,
				8DD9C1BD17B1C3C000B00CAA /* RFAttributeModel.m */,
				8DD9C1BE17B1C3C000B00CAA /* RFClassModel.h */,
				8DD9C1BF17B1C3C000B00CAA /* RFClassModel.m */,
				8DD9C1C017B1C3C000B00CAA /* RFCodeParseState.h */,
				8DD9C1C117B1C3C000B00CAA /* RFCodeParseState.m */,
				8DD9C1C217B1C3C000B00CAA /* RFFieldModel.h */,
				8DD9C1C317B1C3C000B00CAA /* RFFieldModel.m */,
				8DD9C1C417B1C3C000B00CAA /* RFMethodModel.h */,
				8DD9C1C517B1C3C000B00CAA /* RFMethodModel.m */,
				8DD9C1C617B1C3C000B00CAA /* RFPreprocessedSourceCode.h */,
				8DD9C1C717B1C3C000B00CAA /* RFPreprocessedSourceCode.m */,
				8DD9C1C817B1C3C000B00CAA /* RFPropertyModel.h */,
				8DD9C1C917B1C3C000B00CAA /* RFPropertyModel.m */,
				1AAB2402181687D7007CC865 /* RFProtocolModel.h */,
				1AAB2403181687D7007CC865 /* RFProtocolModel.m */,
				117641DD18F5CB7000B1688B /* RFDefineModel.h */,
				117641DE18F5CB7000B1688B /* RFDefineModel.m */,
			);
			path = DataModels;
			sourceTree = "<group>";
		};
		8DD9C1CA17B1C3C000B00CAA /* Helpers */ = {
			isa = PBXGroup;
			children = (
				1A8A2E9718190FD300877EE0 /* RFProtocolsModelHelper.h */,
				1A8A2E9818190FD300877EE0 /* RFProtocolsModelHelper.m */,
				8DD9C1CB17B1C3C000B00CAA /* RFClassesModelHelper.h */,
				8DD9C1CC17B1C3C000B00CAA /* RFClassesModelHelper.m */,
				8DD9C1CD17B1C3C000B00CAA /* RFSourceCodeHelper.h */,
				8DD9C1CE17B1C3C000B00CAA /* RFSourceCodeHelper.m */,
				8DD9C1CF17B1C3C000B00CAA /* RFSourceFileHelper.h */,
				8DD9C1D017B1C3C000B00CAA /* RFSourceFileHelper.m */,
			);
			path = Helpers;
			sourceTree = "<group>";
		};
		8DD9C1F617B1C60100B00CAA /* Tools */ = {
			isa = PBXGroup;
			children = (
				8DD9C1F717B1C60100B00CAA /* RFConsole.h */,
				8DD9C1F817B1C60100B00CAA /* RFConsole.m */,
				8DD9C1F917B1C60100B00CAA /* RFArgumentResolver.h */,
				8DD9C1FA17B1C60100B00CAA /* RFArgumentResolver.m */,
			);
			path = Tools;
			sourceTree = "<group>";
		};
/* End PBXGroup section */

/* Begin PBXNativeTarget section */
		119CF5731971C98500A70999 /* ROADAttributesCodeGeneratorTests */ = {
			isa = PBXNativeTarget;
			buildConfigurationList = 119CF5841971C98500A70999 /* Build configuration list for PBXNativeTarget "ROADAttributesCodeGeneratorTests" */;
			buildPhases = (
				119CF5701971C98500A70999 /* Sources */,
				119CF5711971C98500A70999 /* Frameworks */,
				119CF5721971C98500A70999 /* Resources */,
			);
			buildRules = (
			);
			dependencies = (
				119CF5811971C98500A70999 /* PBXTargetDependency */,
			);
			name = ROADAttributesCodeGeneratorTests;
			productName = ROADAttributesCodeGeneratorTests;
			productReference = 119CF5741971C98500A70999 /* ROADAttributesCodeGeneratorTests.xctest */;
			productType = "com.apple.product-type.bundle.unit-test";
		};
		8DD9C17217B1C2BC00B00CAA /* ROADAttributesCodeGenerator */ = {
			isa = PBXNativeTarget;
			buildConfigurationList = 8DD9C18117B1C2BC00B00CAA /* Build configuration list for PBXNativeTarget "ROADAttributesCodeGenerator" */;
			buildPhases = (
				8DD9C16F17B1C2BC00B00CAA /* Sources */,
				8DD9C17017B1C2BC00B00CAA /* Frameworks */,
				8DD9C17117B1C2BC00B00CAA /* CopyFiles */,
			);
			buildRules = (
			);
			dependencies = (
			);
			name = ROADAttributesCodeGenerator;
			productName = SparkAttributesCodeGenerator;
			productReference = 8DD9C17317B1C2BC00B00CAA /* ROADAttributesCodeGenerator */;
			productType = "com.apple.product-type.tool";
		};
/* End PBXNativeTarget section */

/* Begin PBXProject section */
		8DD9C16B17B1C2BC00B00CAA /* Project object */ = {
			isa = PBXProject;
			attributes = {
				CLASSPREFIX = RF;
				LastUpgradeCheck = 0500;
				ORGANIZATIONNAME = EPAM;
				TargetAttributes = {
					119CF5731971C98500A70999 = {
						TestTargetID = 8DD9C17217B1C2BC00B00CAA;
					};
				};
			};
			buildConfigurationList = 8DD9C16E17B1C2BC00B00CAA /* Build configuration list for PBXProject "ROADAttributesCodeGenerator" */;
			compatibilityVersion = "Xcode 3.2";
			developmentRegion = English;
			hasScannedForEncodings = 0;
			knownRegions = (
				en,
			);
			mainGroup = 8DD9C16A17B1C2BC00B00CAA;
			productRefGroup = 8DD9C17417B1C2BC00B00CAA /* Products */;
			projectDirPath = "";
			projectRoot = "";
			targets = (
				8DD9C17217B1C2BC00B00CAA /* ROADAttributesCodeGenerator */,
				119CF5731971C98500A70999 /* ROADAttributesCodeGeneratorTests */,
			);
		};
/* End PBXProject section */

/* Begin PBXResourcesBuildPhase section */
		119CF5721971C98500A70999 /* Resources */ = {
			isa = PBXResourcesBuildPhase;
			buildActionMask = 2147483647;
			files = (
				119CF57C1971C98500A70999 /* InfoPlist.strings in Resources */,
			);
			runOnlyForDeploymentPostprocessing = 0;
		};
/* End PBXResourcesBuildPhase section */

/* Begin PBXSourcesBuildPhase section */
		119CF5701971C98500A70999 /* Sources */ = {
			isa = PBXSourcesBuildPhase;
			buildActionMask = 2147483647;
			files = (
				119CF5871971CBFF00A70999 /* RFConsole.m in Sources */,
				119CF5881971CBFF00A70999 /* RFArgumentResolver.m in Sources */,
				119CF5891971CBFF00A70999 /* NSMutableString+RFExtendedAPI.m in Sources */,
				119CF58A1971CBFF00A70999 /* NSRegularExpression+RFExtendedAPI.m in Sources */,
				119CF58B1971CBFF00A70999 /* NSString+RFExtendedAPI.m in Sources */,
				119CF58C1971CBFF00A70999 /* RFTextFile.m in Sources */,
				119CF58D1971CBFF00A70999 /* NSFileManager+RFExtendedAPI.m in Sources */,
				119CF58E1971CBFF00A70999 /* RFAttributesCodeGeneratorBase.m in Sources */,
				119CF58F1971CBFF00A70999 /* RFClassAttributesCodeGenerator.m in Sources */,
				119CF5901971CBFF00A70999 /* RFFieldsAttributesCodeGenerator.m in Sources */,
				119CF5911971CBFF00A70999 /* RFMainAttributesCodeGenerator.m in Sources */,
				119CF5921971CBFF00A70999 /* RFMethodsAttributesCodeGenerator.m in Sources */,
				119CF5931971CBFF00A70999 /* RFPropertiesAttributesCodeGenerator.m in Sources */,
				119CF5941971CBFF00A70999 /* RFAttributeDataParser.m in Sources */,
				119CF5951971CBFF00A70999 /* RFClassParser.m in Sources */,
				119CF5961971CBFF00A70999 /* RFFieldParser.m in Sources */,
				119CF5971971CBFF00A70999 /* RFHeaderSectionParser.m in Sources */,
				119CF5981971CBFF00A70999 /* RFMethodParser.m in Sources */,
				119CF5991971CBFF00A70999 /* RFPropertyParser.m in Sources */,
				119CF59A1971CBFF00A70999 /* RFProtocolParser.m in Sources */,
				119CF59B1971CBFF00A70999 /* RFDefineParser.m in Sources */,
				119CF59C1971CBFF00A70999 /* RFSourceCodePreprocessor.m in Sources */,
				119CF59D1971CBFF00A70999 /* RFUserSourceCodeConfigurator.m in Sources */,
				119CF59E1971CBFF00A70999 /* RFAttributeModelsContainer.m in Sources */,
				119CF59F1971CBFF00A70999 /* RFClassModelsContainer.m in Sources */,
				119CF5A01971CBFF00A70999 /* RFMetaMarkersContainer.m in Sources */,
				119CF5A11971CBFF00A70999 /* RFMetaMarkersStorageAdapter.m in Sources */,
				119CF5A21971CBFF00A70999 /* RFProtocolModelsContainer.m in Sources */,
				119CF5A31971CBFF00A70999 /* RFAnnotatedElementModel.m in Sources */,
				119CF5A41971CBFF00A70999 /* RFAttributeModel.m in Sources */,
				119CF5A51971CBFF00A70999 /* RFClassModel.m in Sources */,
				119CF5A61971CBFF00A70999 /* RFCodeParseState.m in Sources */,
				119CF5A71971CBFF00A70999 /* RFFieldModel.m in Sources */,
				119CF5A81971CBFF00A70999 /* RFMethodModel.m in Sources */,
				119CF5A91971CBFF00A70999 /* RFPreprocessedSourceCode.m in Sources */,
				119CF5AA1971CBFF00A70999 /* RFPropertyModel.m in Sources */,
				119CF5AB1971CBFF00A70999 /* RFProtocolModel.m in Sources */,
				119CF5AC1971CBFF00A70999 /* RFDefineModel.m in Sources */,
				119CF5AD1971CBFF00A70999 /* RFProtocolsModelHelper.m in Sources */,
				119CF5AE1971CBFF00A70999 /* RFClassesModelHelper.m in Sources */,
				119CF5AF1971CBFF00A70999 /* RFSourceCodeHelper.m in Sources */,
				119CF5B01971CBFF00A70999 /* RFSourceFileHelper.m in Sources */,
				119CF5B11971CBFF00A70999 /* RFSourceFilesProcessor.m in Sources */,
				119CF57E1971C98500A70999 /* ROADAttributesCodeGeneratorTests.m in Sources */,
			);
			runOnlyForDeploymentPostprocessing = 0;
		};
		8DD9C16F17B1C2BC00B00CAA /* Sources */ = {
			isa = PBXSourcesBuildPhase;
			buildActionMask = 2147483647;
			files = (
				8DD9C17A17B1C2BC00B00CAA /* main.m in Sources */,
				8DD9C1D317B1C3C000B00CAA /* NSMutableString+RFExtendedAPI.m in Sources */,
				8DD9C1D417B1C3C000B00CAA /* NSRegularExpression+RFExtendedAPI.m in Sources */,
				117641DC18F5B05E00B1688B /* RFDefineParser.m in Sources */,
				8DD9C1D517B1C3C000B00CAA /* NSString+RFExtendedAPI.m in Sources */,
				8DD9C1D617B1C3C000B00CAA /* RFTextFile.m in Sources */,
				8DD9C1D917B1C3C000B00CAA /* RFAttributesCodeGeneratorBase.m in Sources */,
				8DD9C1DA17B1C3C000B00CAA /* RFClassAttributesCodeGenerator.m in Sources */,
				8DD9C1DB17B1C3C000B00CAA /* RFFieldsAttributesCodeGenerator.m in Sources */,
				8DD9C1DC17B1C3C000B00CAA /* RFMainAttributesCodeGenerator.m in Sources */,
				8DD9C1DD17B1C3C000B00CAA /* RFMethodsAttributesCodeGenerator.m in Sources */,
				8DD9C1DE17B1C3C000B00CAA /* RFPropertiesAttributesCodeGenerator.m in Sources */,
				8DD9C1DF17B1C3C000B00CAA /* RFAttributeDataParser.m in Sources */,
				8DD9C1E017B1C3C000B00CAA /* RFClassParser.m in Sources */,
				117641DF18F5CB7000B1688B /* RFDefineModel.m in Sources */,
				8DD9C1E117B1C3C000B00CAA /* RFFieldParser.m in Sources */,
				8DD9C1E217B1C3C000B00CAA /* RFHeaderSectionParser.m in Sources */,
				8DD9C1E317B1C3C000B00CAA /* RFMethodParser.m in Sources */,
				1AAB2404181687D7007CC865 /* RFProtocolModel.m in Sources */,
				8DD9C1E417B1C3C000B00CAA /* RFPropertyParser.m in Sources */,
				8DD9C1E517B1C3C000B00CAA /* RFSourceCodePreprocessor.m in Sources */,
				8DD9C1E617B1C3C000B00CAA /* RFUserSourceCodeConfigurator.m in Sources */,
				8DD9C1E717B1C3C000B00CAA /* RFClassModelsContainer.m in Sources */,
				8DD9C1E817B1C3C000B00CAA /* RFMetaMarkersContainer.m in Sources */,
				1A8A2E96181908B700877EE0 /* RFProtocolModelsContainer.m in Sources */,
				8DD9C1E917B1C3C000B00CAA /* RFMetaMarkersStorageAdapter.m in Sources */,
				8DD9C1EA17B1C3C000B00CAA /* RFAnnotatedElementModel.m in Sources */,
				8DD9C1EB17B1C3C000B00CAA /* RFAttributeModel.m in Sources */,
				8DD9C1EC17B1C3C000B00CAA /* RFClassModel.m in Sources */,
				1AAB240718168829007CC865 /* RFProtocolParser.m in Sources */,
				8DD9C1ED17B1C3C000B00CAA /* RFCodeParseState.m in Sources */,
				1A8A2E9918190FD300877EE0 /* RFProtocolsModelHelper.m in Sources */,
				8DD9C1EE17B1C3C000B00CAA /* RFFieldModel.m in Sources */,
				8DD9C1EF17B1C3C000B00CAA /* RFMethodModel.m in Sources */,
				8DD9C1F017B1C3C000B00CAA /* RFPreprocessedSourceCode.m in Sources */,
				8DD9C1F117B1C3C000B00CAA /* RFPropertyModel.m in Sources */,
				8DD9C1F217B1C3C000B00CAA /* RFClassesModelHelper.m in Sources */,
				8DD9C1F317B1C3C000B00CAA /* RFSourceCodeHelper.m in Sources */,
				8DD9C1F417B1C3C000B00CAA /* RFSourceFileHelper.m in Sources */,
				8DD9C1F517B1C3C000B00CAA /* RFSourceFilesProcessor.m in Sources */,
				8DD9C1FB17B1C60100B00CAA /* RFConsole.m in Sources */,
				8DD9C1FC17B1C60100B00CAA /* RFArgumentResolver.m in Sources */,
				8DB3AACD17B1DABB006421E0 /* NSFileManager+RFExtendedAPI.m in Sources */,
				8DFAE17017D6085F002687B8 /* RFAttributeModelsContainer.m in Sources */,
			);
			runOnlyForDeploymentPostprocessing = 0;
		};
/* End PBXSourcesBuildPhase section */

/* Begin PBXTargetDependency section */
		119CF5811971C98500A70999 /* PBXTargetDependency */ = {
			isa = PBXTargetDependency;
			target = 8DD9C17217B1C2BC00B00CAA /* ROADAttributesCodeGenerator */;
			targetProxy = 119CF5801971C98500A70999 /* PBXContainerItemProxy */;
		};
/* End PBXTargetDependency section */

/* Begin PBXVariantGroup section */
		119CF57A1971C98500A70999 /* InfoPlist.strings */ = {
			isa = PBXVariantGroup;
			children = (
				119CF57B1971C98500A70999 /* en */,
			);
			name = InfoPlist.strings;
			sourceTree = "<group>";
		};
/* End PBXVariantGroup section */

/* Begin XCBuildConfiguration section */
		119CF5821971C98500A70999 /* Debug */ = {
			isa = XCBuildConfiguration;
			buildSettings = {
				CLANG_ENABLE_MODULES = YES;
				CLANG_WARN_BOOL_CONVERSION = YES;
				CLANG_WARN_DIRECT_OBJC_ISA_USAGE = YES_ERROR;
				CLANG_WARN_OBJC_ROOT_CLASS = YES_ERROR;
				FRAMEWORK_SEARCH_PATHS = (
					"$(DEVELOPER_FRAMEWORKS_DIR)",
					"$(inherited)",
				);
				GCC_PRECOMPILE_PREFIX_HEADER = YES;
				GCC_PREFIX_HEADER = "ROADAttributesCodeGeneratorTests/ROADAttributesCodeGeneratorTests-Prefix.pch";
				GCC_PREPROCESSOR_DEFINITIONS = (
					"DEBUG=1",
					"$(inherited)",
				);
				GCC_WARN_ABOUT_RETURN_TYPE = YES_ERROR;
				GCC_WARN_UNDECLARED_SELECTOR = YES;
				GCC_WARN_UNINITIALIZED_AUTOS = YES_AGGRESSIVE;
				GCC_WARN_UNUSED_FUNCTION = YES;
				INFOPLIST_FILE = "ROADAttributesCodeGeneratorTests/ROADAttributesCodeGeneratorTests-Info.plist";
				MACOSX_DEPLOYMENT_TARGET = 10.9;
				PRODUCT_NAME = "$(TARGET_NAME)";
				WRAPPER_EXTENSION = xctest;
			};
			name = Debug;
		};
		119CF5831971C98500A70999 /* Release */ = {
			isa = XCBuildConfiguration;
			buildSettings = {
				CLANG_ENABLE_MODULES = YES;
				CLANG_WARN_BOOL_CONVERSION = YES;
				CLANG_WARN_DIRECT_OBJC_ISA_USAGE = YES_ERROR;
				CLANG_WARN_OBJC_ROOT_CLASS = YES_ERROR;
				ENABLE_NS_ASSERTIONS = NO;
				FRAMEWORK_SEARCH_PATHS = (
					"$(DEVELOPER_FRAMEWORKS_DIR)",
					"$(inherited)",
				);
				GCC_PRECOMPILE_PREFIX_HEADER = YES;
				GCC_PREFIX_HEADER = "ROADAttributesCodeGeneratorTests/ROADAttributesCodeGeneratorTests-Prefix.pch";
				GCC_WARN_ABOUT_RETURN_TYPE = YES_ERROR;
				GCC_WARN_UNDECLARED_SELECTOR = YES;
				GCC_WARN_UNINITIALIZED_AUTOS = YES_AGGRESSIVE;
				GCC_WARN_UNUSED_FUNCTION = YES;
				INFOPLIST_FILE = "ROADAttributesCodeGeneratorTests/ROADAttributesCodeGeneratorTests-Info.plist";
				MACOSX_DEPLOYMENT_TARGET = 10.9;
				PRODUCT_NAME = "$(TARGET_NAME)";
				WRAPPER_EXTENSION = xctest;
			};
			name = Release;
		};
		8DD9C17F17B1C2BC00B00CAA /* Debug */ = {
			isa = XCBuildConfiguration;
			buildSettings = {
				ALWAYS_SEARCH_USER_PATHS = NO;
				CLANG_CXX_LANGUAGE_STANDARD = "gnu++0x";
				CLANG_CXX_LIBRARY = "libc++";
				CLANG_ENABLE_OBJC_ARC = YES;
				CLANG_WARN_CONSTANT_CONVERSION = YES;
				CLANG_WARN_EMPTY_BODY = YES;
				CLANG_WARN_ENUM_CONVERSION = YES;
				CLANG_WARN_INT_CONVERSION = YES;
				CLANG_WARN__DUPLICATE_METHOD_MATCH = YES;
				COPY_PHASE_STRIP = NO;
				GCC_C_LANGUAGE_STANDARD = gnu99;
				GCC_DYNAMIC_NO_PIC = NO;
				GCC_ENABLE_OBJC_EXCEPTIONS = YES;
				GCC_OPTIMIZATION_LEVEL = 0;
				GCC_PREPROCESSOR_DEFINITIONS = (
					"DEBUG=1",
					"$(inherited)",
				);
				GCC_SYMBOLS_PRIVATE_EXTERN = NO;
				GCC_WARN_64_TO_32_BIT_CONVERSION = YES;
				GCC_WARN_ABOUT_RETURN_TYPE = YES;
				GCC_WARN_UNINITIALIZED_AUTOS = YES;
				GCC_WARN_UNUSED_VARIABLE = YES;
				MACOSX_DEPLOYMENT_TARGET = 10.8;
				ONLY_ACTIVE_ARCH = YES;
				SDKROOT = macosx;
			};
			name = Debug;
		};
		8DD9C18017B1C2BC00B00CAA /* Release */ = {
			isa = XCBuildConfiguration;
			buildSettings = {
				ALWAYS_SEARCH_USER_PATHS = NO;
				CLANG_CXX_LANGUAGE_STANDARD = "gnu++0x";
				CLANG_CXX_LIBRARY = "libc++";
				CLANG_ENABLE_OBJC_ARC = YES;
				CLANG_WARN_CONSTANT_CONVERSION = YES;
				CLANG_WARN_EMPTY_BODY = YES;
				CLANG_WARN_ENUM_CONVERSION = YES;
				CLANG_WARN_INT_CONVERSION = YES;
				CLANG_WARN__DUPLICATE_METHOD_MATCH = YES;
				COPY_PHASE_STRIP = YES;
				DEBUG_INFORMATION_FORMAT = "dwarf-with-dsym";
				GCC_C_LANGUAGE_STANDARD = gnu99;
				GCC_ENABLE_OBJC_EXCEPTIONS = YES;
				GCC_OPTIMIZATION_LEVEL = 0;
				GCC_WARN_64_TO_32_BIT_CONVERSION = YES;
				GCC_WARN_ABOUT_RETURN_TYPE = YES;
				GCC_WARN_UNINITIALIZED_AUTOS = YES;
				GCC_WARN_UNUSED_VARIABLE = YES;
				MACOSX_DEPLOYMENT_TARGET = 10.8;
				SDKROOT = macosx;
			};
			name = Release;
		};
		8DD9C18217B1C2BC00B00CAA /* Debug */ = {
			isa = XCBuildConfiguration;
			buildSettings = {
				GCC_PRECOMPILE_PREFIX_HEADER = YES;
				GCC_PREFIX_HEADER = "ROADAttributesCodeGenerator/ROADAttributesCodeGenerator-Prefix.pch";
				PRODUCT_NAME = "$(TARGET_NAME)";
			};
			name = Debug;
		};
		8DD9C18317B1C2BC00B00CAA /* Release */ = {
			isa = XCBuildConfiguration;
			buildSettings = {
				GCC_OPTIMIZATION_LEVEL = 0;
				GCC_PRECOMPILE_PREFIX_HEADER = YES;
				GCC_PREFIX_HEADER = "ROADAttributesCodeGenerator/ROADAttributesCodeGenerator-Prefix.pch";
				PRODUCT_NAME = "$(TARGET_NAME)";
			};
			name = Release;
		};
/* End XCBuildConfiguration section */

/* Begin XCConfigurationList section */
		119CF5841971C98500A70999 /* Build configuration list for PBXNativeTarget "ROADAttributesCodeGeneratorTests" */ = {
			isa = XCConfigurationList;
			buildConfigurations = (
				119CF5821971C98500A70999 /* Debug */,
				119CF5831971C98500A70999 /* Release */,
			);
			defaultConfigurationIsVisible = 0;
		};
		8DD9C16E17B1C2BC00B00CAA /* Build configuration list for PBXProject "ROADAttributesCodeGenerator" */ = {
			isa = XCConfigurationList;
			buildConfigurations = (
				8DD9C17F17B1C2BC00B00CAA /* Debug */,
				8DD9C18017B1C2BC00B00CAA /* Release */,
			);
			defaultConfigurationIsVisible = 0;
			defaultConfigurationName = Release;
		};
		8DD9C18117B1C2BC00B00CAA /* Build configuration list for PBXNativeTarget "ROADAttributesCodeGenerator" */ = {
			isa = XCConfigurationList;
			buildConfigurations = (
				8DD9C18217B1C2BC00B00CAA /* Debug */,
				8DD9C18317B1C2BC00B00CAA /* Release */,
			);
			defaultConfigurationIsVisible = 0;
			defaultConfigurationName = Release;
		};
/* End XCConfigurationList section */
	};
	rootObject = 8DD9C16B17B1C2BC00B00CAA /* Project object */;
}
